// !$*UTF8*$!
{
	archiveVersion = 1;
	classes = {
	};
	objectVersion = 46;
	objects = {

/* Begin PBXBuildFile section */
		16C9292F1F60D386004F51A9 /* main.m in Sources */ = {isa = PBXBuildFile; fileRef = 16C9292E1F60D386004F51A9 /* main.m */; };
		16C929321F60D386004F51A9 /* AppDelegate.m in Sources */ = {isa = PBXBuildFile; fileRef = 16C929311F60D386004F51A9 /* AppDelegate.m */; };
		16C929351F60D386004F51A9 /* ViewController.m in Sources */ = {isa = PBXBuildFile; fileRef = 16C929341F60D386004F51A9 /* ViewController.m */; };
		16C929381F60D386004F51A9 /* Main.storyboard in Resources */ = {isa = PBXBuildFile; fileRef = 16C929361F60D386004F51A9 /* Main.storyboard */; };
		16C9293A1F60D386004F51A9 /* Assets.xcassets in Resources */ = {isa = PBXBuildFile; fileRef = 16C929391F60D386004F51A9 /* Assets.xcassets */; };
		16C9293D1F60D386004F51A9 /* LaunchScreen.storyboard in Resources */ = {isa = PBXBuildFile; fileRef = 16C9293B1F60D386004F51A9 /* LaunchScreen.storyboard */; };
		16C929461F60D7A3004F51A9 /* JAActionDescCell.m in Sources */ = {isa = PBXBuildFile; fileRef = 16C929451F60D7A3004F51A9 /* JAActionDescCell.m */; };
		16C9295D1F60DFBA004F51A9 /* 10_PhotoUpDownBrowserPart.gif in Resources */ = {isa = PBXBuildFile; fileRef = 16C929481F60DFBA004F51A9 /* 10_PhotoUpDownBrowserPart.gif */; };
		16C9295E1F60DFBA004F51A9 /* 11_HotelDetailPart.gif in Resources */ = {isa = PBXBuildFile; fileRef = 16C929491F60DFBA004F51A9 /* 11_HotelDetailPart.gif */; };
		16C9295F1F60DFBA004F51A9 /* 12_TravelPart.gif in Resources */ = {isa = PBXBuildFile; fileRef = 16C9294A1F60DFBA004F51A9 /* 12_TravelPart.gif */; };
		16C929601F60DFBA004F51A9 /* 13_wikiPart.gif in Resources */ = {isa = PBXBuildFile; fileRef = 16C9294B1F60DFBA004F51A9 /* 13_wikiPart.gif */; };
		16C929611F60DFBA004F51A9 /* 14_HouseKeeper.gif in Resources */ = {isa = PBXBuildFile; fileRef = 16C9294C1F60DFBA004F51A9 /* 14_HouseKeeper.gif */; };
		16C929621F60DFBA004F51A9 /* 15_PostPart.gif in Resources */ = {isa = PBXBuildFile; fileRef = 16C9294D1F60DFBA004F51A9 /* 15_PostPart.gif */; };
		16C929631F60DFBA004F51A9 /* 16_TimeLine.gif in Resources */ = {isa = PBXBuildFile; fileRef = 16C9294E1F60DFBA004F51A9 /* 16_TimeLine.gif */; };
		16C929641F60DFBA004F51A9 /* 16_TimeLine_DeleteReply.gif in Resources */ = {isa = PBXBuildFile; fileRef = 16C9294F1F60DFBA004F51A9 /* 16_TimeLine_DeleteReply.gif */; };
		16C929651F60DFBA004F51A9 /* 16_TimeLine_Reply.gif in Resources */ = {isa = PBXBuildFile; fileRef = 16C929501F60DFBA004F51A9 /* 16_TimeLine_Reply.gif */; };
		16C929661F60DFBA004F51A9 /* 17_TaskPart.gif in Resources */ = {isa = PBXBuildFile; fileRef = 16C929511F60DFBA004F51A9 /* 17_TaskPart.gif */; };
		16C929671F60DFBA004F51A9 /* 18_SeatArrangePart.gif in Resources */ = {isa = PBXBuildFile; fileRef = 16C929521F60DFBA004F51A9 /* 18_SeatArrangePart.gif */; };
		16C929681F60DFBA004F51A9 /* 19_WeddingCardPart.gif in Resources */ = {isa = PBXBuildFile; fileRef = 16C929531F60DFBA004F51A9 /* 19_WeddingCardPart.gif */; };
		16C929691F60DFBA004F51A9 /* 1_GuideSlide.gif in Resources */ = {isa = PBXBuildFile; fileRef = 16C929541F60DFBA004F51A9 /* 1_GuideSlide.gif */; };
		16C9296A1F60DFBA004F51A9 /* 2_LoginPart.png in Resources */ = {isa = PBXBuildFile; fileRef = 16C929551F60DFBA004F51A9 /* 2_LoginPart.png */; };
		16C9296B1F60DFBA004F51A9 /* 3_HeaderBannar.gif in Resources */ = {isa = PBXBuildFile; fileRef = 16C929561F60DFBA004F51A9 /* 3_HeaderBannar.gif */; };
		16C9296C1F60DFBA004F51A9 /* 4_CollectionView_Special_Offset.gif in Resources */ = {isa = PBXBuildFile; fileRef = 16C929571F60DFBA004F51A9 /* 4_CollectionView_Special_Offset.gif */; };
		16C9296D1F60DFBA004F51A9 /* 5_TabBarDefine.gif in Resources */ = {isa = PBXBuildFile; fileRef = 16C929581F60DFBA004F51A9 /* 5_TabBarDefine.gif */; };
		16C9296E1F60DFBA004F51A9 /* 6_LocationPart.gif in Resources */ = {isa = PBXBuildFile; fileRef = 16C929591F60DFBA004F51A9 /* 6_LocationPart.gif */; };
		16C9296F1F60DFBA004F51A9 /* 7_PhotographyPart.gif in Resources */ = {isa = PBXBuildFile; fileRef = 16C9295A1F60DFBA004F51A9 /* 7_PhotographyPart.gif */; };
		16C929701F60DFBA004F51A9 /* 8_PhotoDisplyPart.gif in Resources */ = {isa = PBXBuildFile; fileRef = 16C9295B1F60DFBA004F51A9 /* 8_PhotoDisplyPart.gif */; };
		16C929711F60DFBA004F51A9 /* 9_PhotoBrowserPart.gif in Resources */ = {isa = PBXBuildFile; fileRef = 16C9295C1F60DFBA004F51A9 /* 9_PhotoBrowserPart.gif */; };
		16C929751F60E083004F51A9 /* DisplayContentController.m in Sources */ = {isa = PBXBuildFile; fileRef = 16C929731F60E083004F51A9 /* DisplayContentController.m */; };
		16C929761F60E083004F51A9 /* DisplayContentController.xib in Resources */ = {isa = PBXBuildFile; fileRef = 16C929741F60E083004F51A9 /* DisplayContentController.xib */; };
		16C929791F60E1B7004F51A9 /* ImageModel.m in Sources */ = {isa = PBXBuildFile; fileRef = 16C929781F60E1B7004F51A9 /* ImageModel.m */; };
		16C9297E1F60E8BD004F51A9 /* UIImage+GIF.m in Sources */ = {isa = PBXBuildFile; fileRef = 16C9297D1F60E8BD004F51A9 /* UIImage+GIF.m */; };
		16C9299C1F60EEC2004F51A9 /* MJExtensionConst.m in Sources */ = {isa = PBXBuildFile; fileRef = 16C929881F60EEC2004F51A9 /* MJExtensionConst.m */; };
		16C9299D1F60EEC2004F51A9 /* MJFoundation.m in Sources */ = {isa = PBXBuildFile; fileRef = 16C9298A1F60EEC2004F51A9 /* MJFoundation.m */; };
		16C9299E1F60EEC2004F51A9 /* MJProperty.m in Sources */ = {isa = PBXBuildFile; fileRef = 16C9298C1F60EEC2004F51A9 /* MJProperty.m */; };
		16C9299F1F60EEC2004F51A9 /* MJPropertyKey.m in Sources */ = {isa = PBXBuildFile; fileRef = 16C9298E1F60EEC2004F51A9 /* MJPropertyKey.m */; };
		16C929A01F60EEC2004F51A9 /* MJPropertyType.m in Sources */ = {isa = PBXBuildFile; fileRef = 16C929901F60EEC2004F51A9 /* MJPropertyType.m */; };
		16C929A11F60EEC2004F51A9 /* NSObject+MJClass.m in Sources */ = {isa = PBXBuildFile; fileRef = 16C929921F60EEC2004F51A9 /* NSObject+MJClass.m */; };
		16C929A21F60EEC2004F51A9 /* NSObject+MJCoding.m in Sources */ = {isa = PBXBuildFile; fileRef = 16C929941F60EEC2004F51A9 /* NSObject+MJCoding.m */; };
		16C929A31F60EEC2004F51A9 /* NSObject+MJKeyValue.m in Sources */ = {isa = PBXBuildFile; fileRef = 16C929961F60EEC2004F51A9 /* NSObject+MJKeyValue.m */; };
		16C929A41F60EEC2004F51A9 /* NSObject+MJProperty.m in Sources */ = {isa = PBXBuildFile; fileRef = 16C929981F60EEC2004F51A9 /* NSObject+MJProperty.m */; };
		16C929A51F60EEC2004F51A9 /* NSString+MJExtension.m in Sources */ = {isa = PBXBuildFile; fileRef = 16C9299A1F60EEC2004F51A9 /* NSString+MJExtension.m */; };
		16C929A71F60EFFD004F51A9 /* GifImages.plist in Resources */ = {isa = PBXBuildFile; fileRef = 16C929A61F60EFFD004F51A9 /* GifImages.plist */; };
		16C929B31F61319D004F51A9 /* SVIndefiniteAnimatedView.m in Sources */ = {isa = PBXBuildFile; fileRef = 16C929AA1F61319D004F51A9 /* SVIndefiniteAnimatedView.m */; };
		16C929B41F61319D004F51A9 /* SVProgressAnimatedView.m in Sources */ = {isa = PBXBuildFile; fileRef = 16C929AC1F61319D004F51A9 /* SVProgressAnimatedView.m */; };
		16C929B51F61319D004F51A9 /* SVProgressHUD.bundle in Resources */ = {isa = PBXBuildFile; fileRef = 16C929AE1F61319D004F51A9 /* SVProgressHUD.bundle */; };
		16C929B61F61319D004F51A9 /* SVProgressHUD.m in Sources */ = {isa = PBXBuildFile; fileRef = 16C929B01F61319D004F51A9 /* SVProgressHUD.m */; };
		16C929B71F61319D004F51A9 /* SVRadialGradientLayer.m in Sources */ = {isa = PBXBuildFile; fileRef = 16C929B21F61319D004F51A9 /* SVRadialGradientLayer.m */; };
/* End PBXBuildFile section */

/* Begin PBXFileReference section */
		16C9292A1F60D386004F51A9 /* WorkingContentShow.app */ = {isa = PBXFileReference; explicitFileType = wrapper.application; includeInIndex = 0; path = WorkingContentShow.app; sourceTree = BUILT_PRODUCTS_DIR; };
		16C9292E1F60D386004F51A9 /* main.m */ = {isa = PBXFileReference; lastKnownFileType = sourcecode.c.objc; path = main.m; sourceTree = "<group>"; };
		16C929301F60D386004F51A9 /* AppDelegate.h */ = {isa = PBXFileReference; lastKnownFileType = sourcecode.c.h; path = AppDelegate.h; sourceTree = "<group>"; };
		16C929311F60D386004F51A9 /* AppDelegate.m */ = {isa = PBXFileReference; lastKnownFileType = sourcecode.c.objc; path = AppDelegate.m; sourceTree = "<group>"; };
		16C929331F60D386004F51A9 /* ViewController.h */ = {isa = PBXFileReference; lastKnownFileType = sourcecode.c.h; path = ViewController.h; sourceTree = "<group>"; };
		16C929341F60D386004F51A9 /* ViewController.m */ = {isa = PBXFileReference; lastKnownFileType = sourcecode.c.objc; path = ViewController.m; sourceTree = "<group>"; };
		16C929371F60D386004F51A9 /* Base */ = {isa = PBXFileReference; lastKnownFileType = file.storyboard; name = Base; path = Base.lproj/Main.storyboard; sourceTree = "<group>"; };
		16C929391F60D386004F51A9 /* Assets.xcassets */ = {isa = PBXFileReference; lastKnownFileType = folder.assetcatalog; path = Assets.xcassets; sourceTree = "<group>"; };
		16C9293C1F60D386004F51A9 /* Base */ = {isa = PBXFileReference; lastKnownFileType = file.storyboard; name = Base; path = Base.lproj/LaunchScreen.storyboard; sourceTree = "<group>"; };
		16C9293E1F60D386004F51A9 /* Info.plist */ = {isa = PBXFileReference; lastKnownFileType = text.plist.xml; path = Info.plist; sourceTree = "<group>"; };
		16C929441F60D7A3004F51A9 /* JAActionDescCell.h */ = {isa = PBXFileReference; fileEncoding = 4; lastKnownFileType = sourcecode.c.h; path = JAActionDescCell.h; sourceTree = "<group>"; };
		16C929451F60D7A3004F51A9 /* JAActionDescCell.m */ = {isa = PBXFileReference; fileEncoding = 4; lastKnownFileType = sourcecode.c.objc; path = JAActionDescCell.m; sourceTree = "<group>"; };
		16C929481F60DFBA004F51A9 /* 10_PhotoUpDownBrowserPart.gif */ = {isa = PBXFileReference; lastKnownFileType = image.gif; path = 10_PhotoUpDownBrowserPart.gif; sourceTree = "<group>"; };
		16C929491F60DFBA004F51A9 /* 11_HotelDetailPart.gif */ = {isa = PBXFileReference; lastKnownFileType = image.gif; path = 11_HotelDetailPart.gif; sourceTree = "<group>"; };
		16C9294A1F60DFBA004F51A9 /* 12_TravelPart.gif */ = {isa = PBXFileReference; lastKnownFileType = image.gif; path = 12_TravelPart.gif; sourceTree = "<group>"; };
		16C9294B1F60DFBA004F51A9 /* 13_wikiPart.gif */ = {isa = PBXFileReference; lastKnownFileType = image.gif; path = 13_wikiPart.gif; sourceTree = "<group>"; };
		16C9294C1F60DFBA004F51A9 /* 14_HouseKeeper.gif */ = {isa = PBXFileReference; lastKnownFileType = image.gif; path = 14_HouseKeeper.gif; sourceTree = "<group>"; };
		16C9294D1F60DFBA004F51A9 /* 15_PostPart.gif */ = {isa = PBXFileReference; lastKnownFileType = image.gif; path = 15_PostPart.gif; sourceTree = "<group>"; };
		16C9294E1F60DFBA004F51A9 /* 16_TimeLine.gif */ = {isa = PBXFileReference; lastKnownFileType = image.gif; path = 16_TimeLine.gif; sourceTree = "<group>"; };
		16C9294F1F60DFBA004F51A9 /* 16_TimeLine_DeleteReply.gif */ = {isa = PBXFileReference; lastKnownFileType = image.gif; path = 16_TimeLine_DeleteReply.gif; sourceTree = "<group>"; };
		16C929501F60DFBA004F51A9 /* 16_TimeLine_Reply.gif */ = {isa = PBXFileReference; lastKnownFileType = image.gif; path = 16_TimeLine_Reply.gif; sourceTree = "<group>"; };
		16C929511F60DFBA004F51A9 /* 17_TaskPart.gif */ = {isa = PBXFileReference; lastKnownFileType = image.gif; path = 17_TaskPart.gif; sourceTree = "<group>"; };
		16C929521F60DFBA004F51A9 /* 18_SeatArrangePart.gif */ = {isa = PBXFileReference; lastKnownFileType = image.gif; path = 18_SeatArrangePart.gif; sourceTree = "<group>"; };
		16C929531F60DFBA004F51A9 /* 19_WeddingCardPart.gif */ = {isa = PBXFileReference; lastKnownFileType = image.gif; path = 19_WeddingCardPart.gif; sourceTree = "<group>"; };
		16C929541F60DFBA004F51A9 /* 1_GuideSlide.gif */ = {isa = PBXFileReference; lastKnownFileType = image.gif; path = 1_GuideSlide.gif; sourceTree = "<group>"; };
		16C929551F60DFBA004F51A9 /* 2_LoginPart.png */ = {isa = PBXFileReference; lastKnownFileType = image.png; path = 2_LoginPart.png; sourceTree = "<group>"; };
		16C929561F60DFBA004F51A9 /* 3_HeaderBannar.gif */ = {isa = PBXFileReference; lastKnownFileType = image.gif; path = 3_HeaderBannar.gif; sourceTree = "<group>"; };
		16C929571F60DFBA004F51A9 /* 4_CollectionView_Special_Offset.gif */ = {isa = PBXFileReference; lastKnownFileType = image.gif; path = 4_CollectionView_Special_Offset.gif; sourceTree = "<group>"; };
		16C929581F60DFBA004F51A9 /* 5_TabBarDefine.gif */ = {isa = PBXFileReference; lastKnownFileType = image.gif; path = 5_TabBarDefine.gif; sourceTree = "<group>"; };
		16C929591F60DFBA004F51A9 /* 6_LocationPart.gif */ = {isa = PBXFileReference; lastKnownFileType = image.gif; path = 6_LocationPart.gif; sourceTree = "<group>"; };
		16C9295A1F60DFBA004F51A9 /* 7_PhotographyPart.gif */ = {isa = PBXFileReference; lastKnownFileType = image.gif; path = 7_PhotographyPart.gif; sourceTree = "<group>"; };
		16C9295B1F60DFBA004F51A9 /* 8_PhotoDisplyPart.gif */ = {isa = PBXFileReference; lastKnownFileType = image.gif; path = 8_PhotoDisplyPart.gif; sourceTree = "<group>"; };
		16C9295C1F60DFBA004F51A9 /* 9_PhotoBrowserPart.gif */ = {isa = PBXFileReference; lastKnownFileType = image.gif; path = 9_PhotoBrowserPart.gif; sourceTree = "<group>"; };
		16C929721F60E083004F51A9 /* DisplayContentController.h */ = {isa = PBXFileReference; fileEncoding = 4; lastKnownFileType = sourcecode.c.h; path = DisplayContentController.h; sourceTree = "<group>"; };
		16C929731F60E083004F51A9 /* DisplayContentController.m */ = {isa = PBXFileReference; fileEncoding = 4; lastKnownFileType = sourcecode.c.objc; path = DisplayContentController.m; sourceTree = "<group>"; };
		16C929741F60E083004F51A9 /* DisplayContentController.xib */ = {isa = PBXFileReference; fileEncoding = 4; lastKnownFileType = file.xib; path = DisplayContentController.xib; sourceTree = "<group>"; };
		16C929771F60E1B7004F51A9 /* ImageModel.h */ = {isa = PBXFileReference; fileEncoding = 4; lastKnownFileType = sourcecode.c.h; path = ImageModel.h; sourceTree = "<group>"; };
		16C929781F60E1B7004F51A9 /* ImageModel.m */ = {isa = PBXFileReference; fileEncoding = 4; lastKnownFileType = sourcecode.c.objc; path = ImageModel.m; sourceTree = "<group>"; };
		16C9297C1F60E8BD004F51A9 /* UIImage+GIF.h */ = {isa = PBXFileReference; fileEncoding = 4; lastKnownFileType = sourcecode.c.h; path = "UIImage+GIF.h"; sourceTree = "<group>"; };
		16C9297D1F60E8BD004F51A9 /* UIImage+GIF.m */ = {isa = PBXFileReference; fileEncoding = 4; lastKnownFileType = sourcecode.c.objc; path = "UIImage+GIF.m"; sourceTree = "<group>"; };
		16C929861F60EEC2004F51A9 /* MJExtension.h */ = {isa = PBXFileReference; fileEncoding = 4; lastKnownFileType = sourcecode.c.h; path = MJExtension.h; sourceTree = "<group>"; };
		16C929871F60EEC2004F51A9 /* MJExtensionConst.h */ = {isa = PBXFileReference; fileEncoding = 4; lastKnownFileType = sourcecode.c.h; path = MJExtensionConst.h; sourceTree = "<group>"; };
		16C929881F60EEC2004F51A9 /* MJExtensionConst.m */ = {isa = PBXFileReference; fileEncoding = 4; lastKnownFileType = sourcecode.c.objc; path = MJExtensionConst.m; sourceTree = "<group>"; };
		16C929891F60EEC2004F51A9 /* MJFoundation.h */ = {isa = PBXFileReference; fileEncoding = 4; lastKnownFileType = sourcecode.c.h; path = MJFoundation.h; sourceTree = "<group>"; };
		16C9298A1F60EEC2004F51A9 /* MJFoundation.m */ = {isa = PBXFileReference; fileEncoding = 4; lastKnownFileType = sourcecode.c.objc; path = MJFoundation.m; sourceTree = "<group>"; };
		16C9298B1F60EEC2004F51A9 /* MJProperty.h */ = {isa = PBXFileReference; fileEncoding = 4; lastKnownFileType = sourcecode.c.h; path = MJProperty.h; sourceTree = "<group>"; };
		16C9298C1F60EEC2004F51A9 /* MJProperty.m */ = {isa = PBXFileReference; fileEncoding = 4; lastKnownFileType = sourcecode.c.objc; path = MJProperty.m; sourceTree = "<group>"; };
		16C9298D1F60EEC2004F51A9 /* MJPropertyKey.h */ = {isa = PBXFileReference; fileEncoding = 4; lastKnownFileType = sourcecode.c.h; path = MJPropertyKey.h; sourceTree = "<group>"; };
		16C9298E1F60EEC2004F51A9 /* MJPropertyKey.m */ = {isa = PBXFileReference; fileEncoding = 4; lastKnownFileType = sourcecode.c.objc; path = MJPropertyKey.m; sourceTree = "<group>"; };
		16C9298F1F60EEC2004F51A9 /* MJPropertyType.h */ = {isa = PBXFileReference; fileEncoding = 4; lastKnownFileType = sourcecode.c.h; path = MJPropertyType.h; sourceTree = "<group>"; };
		16C929901F60EEC2004F51A9 /* MJPropertyType.m */ = {isa = PBXFileReference; fileEncoding = 4; lastKnownFileType = sourcecode.c.objc; path = MJPropertyType.m; sourceTree = "<group>"; };
		16C929911F60EEC2004F51A9 /* NSObject+MJClass.h */ = {isa = PBXFileReference; fileEncoding = 4; lastKnownFileType = sourcecode.c.h; path = "NSObject+MJClass.h"; sourceTree = "<group>"; };
		16C929921F60EEC2004F51A9 /* NSObject+MJClass.m */ = {isa = PBXFileReference; fileEncoding = 4; lastKnownFileType = sourcecode.c.objc; path = "NSObject+MJClass.m"; sourceTree = "<group>"; };
		16C929931F60EEC2004F51A9 /* NSObject+MJCoding.h */ = {isa = PBXFileReference; fileEncoding = 4; lastKnownFileType = sourcecode.c.h; path = "NSObject+MJCoding.h"; sourceTree = "<group>"; };
		16C929941F60EEC2004F51A9 /* NSObject+MJCoding.m */ = {isa = PBXFileReference; fileEncoding = 4; lastKnownFileType = sourcecode.c.objc; path = "NSObject+MJCoding.m"; sourceTree = "<group>"; };
		16C929951F60EEC2004F51A9 /* NSObject+MJKeyValue.h */ = {isa = PBXFileReference; fileEncoding = 4; lastKnownFileType = sourcecode.c.h; path = "NSObject+MJKeyValue.h"; sourceTree = "<group>"; };
		16C929961F60EEC2004F51A9 /* NSObject+MJKeyValue.m */ = {isa = PBXFileReference; fileEncoding = 4; lastKnownFileType = sourcecode.c.objc; path = "NSObject+MJKeyValue.m"; sourceTree = "<group>"; };
		16C929971F60EEC2004F51A9 /* NSObject+MJProperty.h */ = {isa = PBXFileReference; fileEncoding = 4; lastKnownFileType = sourcecode.c.h; path = "NSObject+MJProperty.h"; sourceTree = "<group>"; };
		16C929981F60EEC2004F51A9 /* NSObject+MJProperty.m */ = {isa = PBXFileReference; fileEncoding = 4; lastKnownFileType = sourcecode.c.objc; path = "NSObject+MJProperty.m"; sourceTree = "<group>"; };
		16C929991F60EEC2004F51A9 /* NSString+MJExtension.h */ = {isa = PBXFileReference; fileEncoding = 4; lastKnownFileType = sourcecode.c.h; path = "NSString+MJExtension.h"; sourceTree = "<group>"; };
		16C9299A1F60EEC2004F51A9 /* NSString+MJExtension.m */ = {isa = PBXFileReference; fileEncoding = 4; lastKnownFileType = sourcecode.c.objc; path = "NSString+MJExtension.m"; sourceTree = "<group>"; };
		16C929A61F60EFFD004F51A9 /* GifImages.plist */ = {isa = PBXFileReference; fileEncoding = 4; lastKnownFileType = text.plist.xml; path = GifImages.plist; sourceTree = "<group>"; };
		16C929A91F61319D004F51A9 /* SVIndefiniteAnimatedView.h */ = {isa = PBXFileReference; fileEncoding = 4; lastKnownFileType = sourcecode.c.h; path = SVIndefiniteAnimatedView.h; sourceTree = "<group>"; };
		16C929AA1F61319D004F51A9 /* SVIndefiniteAnimatedView.m */ = {isa = PBXFileReference; fileEncoding = 4; lastKnownFileType = sourcecode.c.objc; path = SVIndefiniteAnimatedView.m; sourceTree = "<group>"; };
		16C929AB1F61319D004F51A9 /* SVProgressAnimatedView.h */ = {isa = PBXFileReference; fileEncoding = 4; lastKnownFileType = sourcecode.c.h; path = SVProgressAnimatedView.h; sourceTree = "<group>"; };
		16C929AC1F61319D004F51A9 /* SVProgressAnimatedView.m */ = {isa = PBXFileReference; fileEncoding = 4; lastKnownFileType = sourcecode.c.objc; path = SVProgressAnimatedView.m; sourceTree = "<group>"; };
		16C929AD1F61319D004F51A9 /* SVProgressHUD-Prefix.pch */ = {isa = PBXFileReference; fileEncoding = 4; lastKnownFileType = sourcecode.c.h; path = "SVProgressHUD-Prefix.pch"; sourceTree = "<group>"; };
		16C929AE1F61319D004F51A9 /* SVProgressHUD.bundle */ = {isa = PBXFileReference; lastKnownFileType = "wrapper.plug-in"; path = SVProgressHUD.bundle; sourceTree = "<group>"; };
		16C929AF1F61319D004F51A9 /* SVProgressHUD.h */ = {isa = PBXFileReference; fileEncoding = 4; lastKnownFileType = sourcecode.c.h; path = SVProgressHUD.h; sourceTree = "<group>"; };
		16C929B01F61319D004F51A9 /* SVProgressHUD.m */ = {isa = PBXFileReference; fileEncoding = 4; lastKnownFileType = sourcecode.c.objc; path = SVProgressHUD.m; sourceTree = "<group>"; };
		16C929B11F61319D004F51A9 /* SVRadialGradientLayer.h */ = {isa = PBXFileReference; fileEncoding = 4; lastKnownFileType = sourcecode.c.h; path = SVRadialGradientLayer.h; sourceTree = "<group>"; };
		16C929B21F61319D004F51A9 /* SVRadialGradientLayer.m */ = {isa = PBXFileReference; fileEncoding = 4; lastKnownFileType = sourcecode.c.objc; path = SVRadialGradientLayer.m; sourceTree = "<group>"; };
/* End PBXFileReference section */

/* Begin PBXFrameworksBuildPhase section */
		16C929271F60D386004F51A9 /* Frameworks */ = {
			isa = PBXFrameworksBuildPhase;
			buildActionMask = 2147483647;
			files = (
			);
			runOnlyForDeploymentPostprocessing = 0;
		};
/* End PBXFrameworksBuildPhase section */

/* Begin PBXGroup section */
		16C929211F60D386004F51A9 = {
			isa = PBXGroup;
			children = (
				16C9292C1F60D386004F51A9 /* WorkingContentShow */,
				16C9292B1F60D386004F51A9 /* Products */,
			);
			sourceTree = "<group>";
		};
		16C9292B1F60D386004F51A9 /* Products */ = {
			isa = PBXGroup;
			children = (
				16C9292A1F60D386004F51A9 /* WorkingContentShow.app */,
			);
			name = Products;
			sourceTree = "<group>";
		};
		16C9292C1F60D386004F51A9 /* WorkingContentShow */ = {
			isa = PBXGroup;
			children = (
				16C929831F60EEB4004F51A9 /* Lib */,
				16C9297F1F60EAA0004F51A9 /* Resouce */,
				16C9297A1F60E8BD004F51A9 /* Common */,
				16C929471F60DFBA004F51A9 /* Section_Content_Gifs */,
				16C929301F60D386004F51A9 /* AppDelegate.h */,
				16C929311F60D386004F51A9 /* AppDelegate.m */,
				16C929331F60D386004F51A9 /* ViewController.h */,
				16C929341F60D386004F51A9 /* ViewController.m */,
				16C929441F60D7A3004F51A9 /* JAActionDescCell.h */,
				16C929451F60D7A3004F51A9 /* JAActionDescCell.m */,
				16C929721F60E083004F51A9 /* DisplayContentController.h */,
				16C929731F60E083004F51A9 /* DisplayContentController.m */,
				16C929741F60E083004F51A9 /* DisplayContentController.xib */,
				16C929771F60E1B7004F51A9 /* ImageModel.h */,
				16C929781F60E1B7004F51A9 /* ImageModel.m */,
				16C929361F60D386004F51A9 /* Main.storyboard */,
				16C929391F60D386004F51A9 /* Assets.xcassets */,
				16C9293B1F60D386004F51A9 /* LaunchScreen.storyboard */,
				16C9293E1F60D386004F51A9 /* Info.plist */,
				16C9292D1F60D386004F51A9 /* Supporting Files */,
			);
			path = WorkingContentShow;
			sourceTree = "<group>";
		};
		16C9292D1F60D386004F51A9 /* Supporting Files */ = {
			isa = PBXGroup;
			children = (
				16C9292E1F60D386004F51A9 /* main.m */,
			);
			name = "Supporting Files";
			sourceTree = "<group>";
		};
		16C929471F60DFBA004F51A9 /* Section_Content_Gifs */ = {
			isa = PBXGroup;
			children = (
				16C929481F60DFBA004F51A9 /* 10_PhotoUpDownBrowserPart.gif */,
				16C929491F60DFBA004F51A9 /* 11_HotelDetailPart.gif */,
				16C9294A1F60DFBA004F51A9 /* 12_TravelPart.gif */,
				16C9294B1F60DFBA004F51A9 /* 13_wikiPart.gif */,
				16C9294C1F60DFBA004F51A9 /* 14_HouseKeeper.gif */,
				16C9294D1F60DFBA004F51A9 /* 15_PostPart.gif */,
				16C9294E1F60DFBA004F51A9 /* 16_TimeLine.gif */,
				16C9294F1F60DFBA004F51A9 /* 16_TimeLine_DeleteReply.gif */,
				16C929501F60DFBA004F51A9 /* 16_TimeLine_Reply.gif */,
				16C929511F60DFBA004F51A9 /* 17_TaskPart.gif */,
				16C929521F60DFBA004F51A9 /* 18_SeatArrangePart.gif */,
				16C929531F60DFBA004F51A9 /* 19_WeddingCardPart.gif */,
				16C929541F60DFBA004F51A9 /* 1_GuideSlide.gif */,
				16C929551F60DFBA004F51A9 /* 2_LoginPart.png */,
				16C929561F60DFBA004F51A9 /* 3_HeaderBannar.gif */,
				16C929571F60DFBA004F51A9 /* 4_CollectionView_Special_Offset.gif */,
				16C929581F60DFBA004F51A9 /* 5_TabBarDefine.gif */,
				16C929591F60DFBA004F51A9 /* 6_LocationPart.gif */,
				16C9295A1F60DFBA004F51A9 /* 7_PhotographyPart.gif */,
				16C9295B1F60DFBA004F51A9 /* 8_PhotoDisplyPart.gif */,
				16C9295C1F60DFBA004F51A9 /* 9_PhotoBrowserPart.gif */,
			);
			path = Section_Content_Gifs;
			sourceTree = "<group>";
		};
		16C9297A1F60E8BD004F51A9 /* Common */ = {
			isa = PBXGroup;
			children = (
				16C9297B1F60E8BD004F51A9 /* Category */,
			);
			path = Common;
			sourceTree = "<group>";
		};
		16C9297B1F60E8BD004F51A9 /* Category */ = {
			isa = PBXGroup;
			children = (
				16C9297C1F60E8BD004F51A9 /* UIImage+GIF.h */,
				16C9297D1F60E8BD004F51A9 /* UIImage+GIF.m */,
			);
			path = Category;
			sourceTree = "<group>";
		};
		16C9297F1F60EAA0004F51A9 /* Resouce */ = {
			isa = PBXGroup;
			children = (
				16C929801F60EAA0004F51A9 /* File */,
			);
			path = Resouce;
			sourceTree = "<group>";
		};
		16C929801F60EAA0004F51A9 /* File */ = {
			isa = PBXGroup;
			children = (
				16C929A61F60EFFD004F51A9 /* GifImages.plist */,
			);
			path = File;
			sourceTree = "<group>";
		};
		16C929831F60EEB4004F51A9 /* Lib */ = {
			isa = PBXGroup;
			children = (
				16C929A81F61319D004F51A9 /* SVProgressHUD */,
				16C929841F60EEC2004F51A9 /* MJExtension */,
			);
			path = Lib;
			sourceTree = "<group>";
		};
		16C929841F60EEC2004F51A9 /* MJExtension */ = {
			isa = PBXGroup;
			children = (
				16C929861F60EEC2004F51A9 /* MJExtension.h */,
				16C929871F60EEC2004F51A9 /* MJExtensionConst.h */,
				16C929881F60EEC2004F51A9 /* MJExtensionConst.m */,
				16C929891F60EEC2004F51A9 /* MJFoundation.h */,
				16C9298A1F60EEC2004F51A9 /* MJFoundation.m */,
				16C9298B1F60EEC2004F51A9 /* MJProperty.h */,
				16C9298C1F60EEC2004F51A9 /* MJProperty.m */,
				16C9298D1F60EEC2004F51A9 /* MJPropertyKey.h */,
				16C9298E1F60EEC2004F51A9 /* MJPropertyKey.m */,
				16C9298F1F60EEC2004F51A9 /* MJPropertyType.h */,
				16C929901F60EEC2004F51A9 /* MJPropertyType.m */,
				16C929911F60EEC2004F51A9 /* NSObject+MJClass.h */,
				16C929921F60EEC2004F51A9 /* NSObject+MJClass.m */,
				16C929931F60EEC2004F51A9 /* NSObject+MJCoding.h */,
				16C929941F60EEC2004F51A9 /* NSObject+MJCoding.m */,
				16C929951F60EEC2004F51A9 /* NSObject+MJKeyValue.h */,
				16C929961F60EEC2004F51A9 /* NSObject+MJKeyValue.m */,
				16C929971F60EEC2004F51A9 /* NSObject+MJProperty.h */,
				16C929981F60EEC2004F51A9 /* NSObject+MJProperty.m */,
				16C929991F60EEC2004F51A9 /* NSString+MJExtension.h */,
				16C9299A1F60EEC2004F51A9 /* NSString+MJExtension.m */,
			);
			path = MJExtension;
			sourceTree = "<group>";
		};
		16C929A81F61319D004F51A9 /* SVProgressHUD */ = {
			isa = PBXGroup;
			children = (
				16C929A91F61319D004F51A9 /* SVIndefiniteAnimatedView.h */,
				16C929AA1F61319D004F51A9 /* SVIndefiniteAnimatedView.m */,
				16C929AB1F61319D004F51A9 /* SVProgressAnimatedView.h */,
				16C929AC1F61319D004F51A9 /* SVProgressAnimatedView.m */,
				16C929AD1F61319D004F51A9 /* SVProgressHUD-Prefix.pch */,
				16C929AE1F61319D004F51A9 /* SVProgressHUD.bundle */,
				16C929AF1F61319D004F51A9 /* SVProgressHUD.h */,
				16C929B01F61319D004F51A9 /* SVProgressHUD.m */,
				16C929B11F61319D004F51A9 /* SVRadialGradientLayer.h */,
				16C929B21F61319D004F51A9 /* SVRadialGradientLayer.m */,
			);
			path = SVProgressHUD;
			sourceTree = "<group>";
		};
/* End PBXGroup section */

/* Begin PBXNativeTarget section */
		16C929291F60D386004F51A9 /* WorkingContentShow */ = {
			isa = PBXNativeTarget;
			buildConfigurationList = 16C929411F60D386004F51A9 /* Build configuration list for PBXNativeTarget "WorkingContentShow" */;
			buildPhases = (
				16C929261F60D386004F51A9 /* Sources */,
				16C929271F60D386004F51A9 /* Frameworks */,
				16C929281F60D386004F51A9 /* Resources */,
			);
			buildRules = (
			);
			dependencies = (
			);
			name = WorkingContentShow;
			productName = WorkingContentShow;
			productReference = 16C9292A1F60D386004F51A9 /* WorkingContentShow.app */;
			productType = "com.apple.product-type.application";
		};
/* End PBXNativeTarget section */

/* Begin PBXProject section */
		16C929221F60D386004F51A9 /* Project object */ = {
			isa = PBXProject;
			attributes = {
				LastUpgradeCheck = 0830;
				ORGANIZATIONNAME = Jacob;
				TargetAttributes = {
					16C929291F60D386004F51A9 = {
						CreatedOnToolsVersion = 8.3;
						DevelopmentTeam = 3AM9U4HK7K;
						ProvisioningStyle = Automatic;
					};
				};
			};
			buildConfigurationList = 16C929251F60D386004F51A9 /* Build configuration list for PBXProject "WorkingContentShow" */;
			compatibilityVersion = "Xcode 3.2";
			developmentRegion = English;
			hasScannedForEncodings = 0;
			knownRegions = (
				en,
				Base,
			);
			mainGroup = 16C929211F60D386004F51A9;
			productRefGroup = 16C9292B1F60D386004F51A9 /* Products */;
			projectDirPath = "";
			projectRoot = "";
			targets = (
				16C929291F60D386004F51A9 /* WorkingContentShow */,
			);
		};
/* End PBXProject section */

/* Begin PBXResourcesBuildPhase section */
		16C929281F60D386004F51A9 /* Resources */ = {
			isa = PBXResourcesBuildPhase;
			buildActionMask = 2147483647;
			files = (
				16C929A71F60EFFD004F51A9 /* GifImages.plist in Resources */,
				16C9295E1F60DFBA004F51A9 /* 11_HotelDetailPart.gif in Resources */,
				16C929651F60DFBA004F51A9 /* 16_TimeLine_Reply.gif in Resources */,
				16C9293D1F60D386004F51A9 /* LaunchScreen.storyboard in Resources */,
				16C929691F60DFBA004F51A9 /* 1_GuideSlide.gif in Resources */,
				16C929611F60DFBA004F51A9 /* 14_HouseKeeper.gif in Resources */,
				16C929671F60DFBA004F51A9 /* 18_SeatArrangePart.gif in Resources */,
				16C929641F60DFBA004F51A9 /* 16_TimeLine_DeleteReply.gif in Resources */,
				16C929711F60DFBA004F51A9 /* 9_PhotoBrowserPart.gif in Resources */,
				16C9295F1F60DFBA004F51A9 /* 12_TravelPart.gif in Resources */,
				16C929B51F61319D004F51A9 /* SVProgressHUD.bundle in Resources */,
				16C929631F60DFBA004F51A9 /* 16_TimeLine.gif in Resources */,
				16C9293A1F60D386004F51A9 /* Assets.xcassets in Resources */,
				16C929661F60DFBA004F51A9 /* 17_TaskPart.gif in Resources */,
				16C9296B1F60DFBA004F51A9 /* 3_HeaderBannar.gif in Resources */,
				16C929381F60D386004F51A9 /* Main.storyboard in Resources */,
				16C9296D1F60DFBA004F51A9 /* 5_TabBarDefine.gif in Resources */,
				16C929701F60DFBA004F51A9 /* 8_PhotoDisplyPart.gif in Resources */,
				16C929681F60DFBA004F51A9 /* 19_WeddingCardPart.gif in Resources */,
				16C9296C1F60DFBA004F51A9 /* 4_CollectionView_Special_Offset.gif in Resources */,
				16C9296A1F60DFBA004F51A9 /* 2_LoginPart.png in Resources */,
				16C9296F1F60DFBA004F51A9 /* 7_PhotographyPart.gif in Resources */,
				16C9295D1F60DFBA004F51A9 /* 10_PhotoUpDownBrowserPart.gif in Resources */,
				16C929601F60DFBA004F51A9 /* 13_wikiPart.gif in Resources */,
				16C9296E1F60DFBA004F51A9 /* 6_LocationPart.gif in Resources */,
				16C929761F60E083004F51A9 /* DisplayContentController.xib in Resources */,
				16C929621F60DFBA004F51A9 /* 15_PostPart.gif in Resources */,
			);
			runOnlyForDeploymentPostprocessing = 0;
		};
/* End PBXResourcesBuildPhase section */

/* Begin PBXSourcesBuildPhase section */
		16C929261F60D386004F51A9 /* Sources */ = {
			isa = PBXSourcesBuildPhase;
			buildActionMask = 2147483647;
			files = (
				16C929A21F60EEC2004F51A9 /* NSObject+MJCoding.m in Sources */,
				16C9299C1F60EEC2004F51A9 /* MJExtensionConst.m in Sources */,
				16C929A11F60EEC2004F51A9 /* NSObject+MJClass.m in Sources */,
				16C9299F1F60EEC2004F51A9 /* MJPropertyKey.m in Sources */,
				16C929351F60D386004F51A9 /* ViewController.m in Sources */,
				16C929461F60D7A3004F51A9 /* JAActionDescCell.m in Sources */,
				16C9299E1F60EEC2004F51A9 /* MJProperty.m in Sources */,
				16C929B71F61319D004F51A9 /* SVRadialGradientLayer.m in Sources */,
				16C9299D1F60EEC2004F51A9 /* MJFoundation.m in Sources */,
				16C929751F60E083004F51A9 /* DisplayContentController.m in Sources */,
				16C929791F60E1B7004F51A9 /* ImageModel.m in Sources */,
				16C929B41F61319D004F51A9 /* SVProgressAnimatedView.m in Sources */,
				16C929321F60D386004F51A9 /* AppDelegate.m in Sources */,
				16C929B31F61319D004F51A9 /* SVIndefiniteAnimatedView.m in Sources */,
				16C929A01F60EEC2004F51A9 /* MJPropertyType.m in Sources */,
				16C9297E1F60E8BD004F51A9 /* UIImage+GIF.m in Sources */,
				16C929A31F60EEC2004F51A9 /* NSObject+MJKeyValue.m in Sources */,
				16C929A51F60EEC2004F51A9 /* NSString+MJExtension.m in Sources */,
				16C929B61F61319D004F51A9 /* SVProgressHUD.m in Sources */,
				16C9292F1F60D386004F51A9 /* main.m in Sources */,
				16C929A41F60EEC2004F51A9 /* NSObject+MJProperty.m in Sources */,
			);
			runOnlyForDeploymentPostprocessing = 0;
		};
/* End PBXSourcesBuildPhase section */

/* Begin PBXVariantGroup section */
		16C929361F60D386004F51A9 /* Main.storyboard */ = {
			isa = PBXVariantGroup;
			children = (
				16C929371F60D386004F51A9 /* Base */,
			);
			name = Main.storyboard;
			sourceTree = "<group>";
		};
		16C9293B1F60D386004F51A9 /* LaunchScreen.storyboard */ = {
			isa = PBXVariantGroup;
			children = (
				16C9293C1F60D386004F51A9 /* Base */,
			);
			name = LaunchScreen.storyboard;
			sourceTree = "<group>";
		};
/* End PBXVariantGroup section */

/* Begin XCBuildConfiguration section */
		16C9293F1F60D386004F51A9 /* Debug */ = {
			isa = XCBuildConfiguration;
			buildSettings = {
				ALWAYS_SEARCH_USER_PATHS = NO;
				CLANG_ANALYZER_NONNULL = YES;
				CLANG_ANALYZER_NUMBER_OBJECT_CONVERSION = YES_AGGRESSIVE;
				CLANG_CXX_LANGUAGE_STANDARD = "gnu++0x";
				CLANG_CXX_LIBRARY = "libc++";
				CLANG_ENABLE_MODULES = YES;
				CLANG_ENABLE_OBJC_ARC = YES;
				CLANG_WARN_BOOL_CONVERSION = YES;
				CLANG_WARN_CONSTANT_CONVERSION = YES;
				CLANG_WARN_DIRECT_OBJC_ISA_USAGE = YES_ERROR;
				CLANG_WARN_DOCUMENTATION_COMMENTS = YES;
				CLANG_WARN_EMPTY_BODY = YES;
				CLANG_WARN_ENUM_CONVERSION = YES;
				CLANG_WARN_INFINITE_RECURSION = YES;
				CLANG_WARN_INT_CONVERSION = YES;
				CLANG_WARN_OBJC_ROOT_CLASS = YES_ERROR;
				CLANG_WARN_SUSPICIOUS_MOVE = YES;
				CLANG_WARN_UNREACHABLE_CODE = YES;
				CLANG_WARN__DUPLICATE_METHOD_MATCH = YES;
				"CODE_SIGN_IDENTITY[sdk=iphoneos*]" = "iPhone Developer";
				COPY_PHASE_STRIP = NO;
				DEBUG_INFORMATION_FORMAT = dwarf;
				ENABLE_STRICT_OBJC_MSGSEND = YES;
				ENABLE_TESTABILITY = YES;
				GCC_C_LANGUAGE_STANDARD = gnu99;
				GCC_DYNAMIC_NO_PIC = NO;
				GCC_NO_COMMON_BLOCKS = YES;
				GCC_OPTIMIZATION_LEVEL = 0;
				GCC_PREPROCESSOR_DEFINITIONS = (
					"DEBUG=1",
					"$(inherited)",
				);
				GCC_WARN_64_TO_32_BIT_CONVERSION = YES;
				GCC_WARN_ABOUT_RETURN_TYPE = YES_ERROR;
				GCC_WARN_UNDECLARED_SELECTOR = YES;
				GCC_WARN_UNINITIALIZED_AUTOS = YES_AGGRESSIVE;
				GCC_WARN_UNUSED_FUNCTION = YES;
				GCC_WARN_UNUSED_VARIABLE = YES;
				IPHONEOS_DEPLOYMENT_TARGET = 10.3;
				MTL_ENABLE_DEBUG_INFO = YES;
				ONLY_ACTIVE_ARCH = YES;
				SDKROOT = iphoneos;
			};
			name = Debug;
		};
		16C929401F60D386004F51A9 /* Release */ = {
			isa = XCBuildConfiguration;
			buildSettings = {
				ALWAYS_SEARCH_USER_PATHS = NO;
				CLANG_ANALYZER_NONNULL = YES;
				CLANG_ANALYZER_NUMBER_OBJECT_CONVERSION = YES_AGGRESSIVE;
				CLANG_CXX_LANGUAGE_STANDARD = "gnu++0x";
				CLANG_CXX_LIBRARY = "libc++";
				CLANG_ENABLE_MODULES = YES;
				CLANG_ENABLE_OBJC_ARC = YES;
				CLANG_WARN_BOOL_CONVERSION = YES;
				CLANG_WARN_CONSTANT_CONVERSION = YES;
				CLANG_WARN_DIRECT_OBJC_ISA_USAGE = YES_ERROR;
				CLANG_WARN_DOCUMENTATION_COMMENTS = YES;
				CLANG_WARN_EMPTY_BODY = YES;
				CLANG_WARN_ENUM_CONVERSION = YES;
				CLANG_WARN_INFINITE_RECURSION = YES;
				CLANG_WARN_INT_CONVERSION = YES;
				CLANG_WARN_OBJC_ROOT_CLASS = YES_ERROR;
				CLANG_WARN_SUSPICIOUS_MOVE = YES;
				CLANG_WARN_UNREACHABLE_CODE = YES;
				CLANG_WARN__DUPLICATE_METHOD_MATCH = YES;
				"CODE_SIGN_IDENTITY[sdk=iphoneos*]" = "iPhone Developer";
				COPY_PHASE_STRIP = NO;
				DEBUG_INFORMATION_FORMAT = "dwarf-with-dsym";
				ENABLE_NS_ASSERTIONS = NO;
				ENABLE_STRICT_OBJC_MSGSEND = YES;
				GCC_C_LANGUAGE_STANDARD = gnu99;
				GCC_NO_COMMON_BLOCKS = YES;
				GCC_WARN_64_TO_32_BIT_CONVERSION = YES;
				GCC_WARN_ABOUT_RETURN_TYPE = YES_ERROR;
				GCC_WARN_UNDECLARED_SELECTOR = YES;
				GCC_WARN_UNINITIALIZED_AUTOS = YES_AGGRESSIVE;
				GCC_WARN_UNUSED_FUNCTION = YES;
				GCC_WARN_UNUSED_VARIABLE = YES;
				IPHONEOS_DEPLOYMENT_TARGET = 10.3;
				MTL_ENABLE_DEBUG_INFO = NO;
				SDKROOT = iphoneos;
				VALIDATE_PRODUCT = YES;
			};
			name = Release;
		};
		16C929421F60D386004F51A9 /* Debug */ = {
			isa = XCBuildConfiguration;
			buildSettings = {
				ASSETCATALOG_COMPILER_APPICON_NAME = AppIcon;
				DEVELOPMENT_TEAM = 3AM9U4HK7K;
				INFOPLIST_FILE = WorkingContentShow/Info.plist;
				LD_RUNPATH_SEARCH_PATHS = "$(inherited) @executable_path/Frameworks";
				PRODUCT_BUNDLE_IDENTIFIER = com.JacobSoftware.WorkingContentShow;
				PRODUCT_NAME = "$(TARGET_NAME)";
			};
			name = Debug;
		};
		16C929431F60D386004F51A9 /* Release */ = {
			isa = XCBuildConfiguration;
			buildSettings = {
				ASSETCATALOG_COMPILER_APPICON_NAME = AppIcon;
				DEVELOPMENT_TEAM = 3AM9U4HK7K;
				INFOPLIST_FILE = WorkingContentShow/Info.plist;
				LD_RUNPATH_SEARCH_PATHS = "$(inherited) @executable_path/Frameworks";
				PRODUCT_BUNDLE_IDENTIFIER = com.JacobSoftware.WorkingContentShow;
				PRODUCT_NAME = "$(TARGET_NAME)";
			};
			name = Release;
		};
/* End XCBuildConfiguration section */

/* Begin XCConfigurationList section */
		16C929251F60D386004F51A9 /* Build configuration list for PBXProject "WorkingContentShow" */ = {
			isa = XCConfigurationList;
			buildConfigurations = (
				16C9293F1F60D386004F51A9 /* Debug */,
				16C929401F60D386004F51A9 /* Release */,
			);
			defaultConfigurationIsVisible = 0;
			defaultConfigurationName = Release;
		};
		16C929411F60D386004F51A9 /* Build configuration list for PBXNativeTarget "WorkingContentShow" */ = {
			isa = XCConfigurationList;
			buildConfigurations = (
				16C929421F60D386004F51A9 /* Debug */,
				16C929431F60D386004F51A9 /* Release */,
			);
			defaultConfigurationIsVisible = 0;
		};
/* End XCConfigurationList section */
	};
	rootObject = 16C929221F60D386004F51A9 /* Project object */;
}
